{
  "name": "@smucclaw/oldmathlangts",
  "version": "1.0.7",
  "lockfileVersion": 2,
  "requires": true,
  "packages": {
    "": {
      "name": "@smucclaw/oldmathlangts",
      "version": "1.0.7",
      "license": "ISC",
      "dependencies": {
        "@smucclaw/oldmathlangts": "^1.0.6",
        "json-logic-js": "^2.0.5",
        "uuid": "^10.0.0"
      },
      "devDependencies": {
        "@types/json-logic-js": "^2.0.7",
        "@types/node": "^20.14.10",
        "@types/uuid": "^10.0.0"
      }
    },
    "node_modules/@smucclaw/oldmathlangts": {
      "version": "1.0.6",
      "resolved": "https://registry.npmjs.org/@smucclaw/oldmathlangts/-/oldmathlangts-1.0.6.tgz",
      "integrity": "sha512-DGva0wlCV77OWFgclE445JFtWgmxs5nKb/33q3VHTaVFmF8vrS1dJRzHdoyQKTSdOhyAKR3V4bXM1kjPch2nUQ==",
      "dependencies": {
        "json-logic-js": "^2.0.5",
        "uuid": "^10.0.0"
      }
    },
    "node_modules/@types/json-logic-js": {
      "version": "2.0.7",
      "resolved": "https://registry.npmjs.org/@types/json-logic-js/-/json-logic-js-2.0.7.tgz",
      "integrity": "sha512-fucvZmbjqa1+gpw/nIwcP+ZIYHTvmwxuQQFKw/yU7+ZSD63z/xgY5pWN7sYUDRzg2Wf9STapL+7c66FNzhU6+Q==",
      "dev": true
    },
    "node_modules/@types/node": {
      "version": "20.14.10",
      "resolved": "https://registry.npmjs.org/@types/node/-/node-20.14.10.tgz",
      "integrity": "sha512-MdiXf+nDuMvY0gJKxyfZ7/6UFsETO7mGKF54MVD/ekJS6HdFtpZFBgrh6Pseu64XTb2MLyFPlbW6hj8HYRQNOQ==",
      "dev": true,
      "dependencies": {
        "undici-types": "~5.26.4"
      }
    },
    "node_modules/@types/uuid": {
      "version": "10.0.0",
      "resolved": "https://registry.npmjs.org/@types/uuid/-/uuid-10.0.0.tgz",
      "integrity": "sha512-7gqG38EyHgyP1S+7+xomFtL+ZNHcKv6DwNaCZmJmo1vgMugyF3TCnXVg4t1uk89mLNwnLtnY3TpOpCOyp1/xHQ==",
      "dev": true
    },
    "node_modules/json-logic-js": {
      "version": "2.0.5",
      "resolved": "https://registry.npmjs.org/json-logic-js/-/json-logic-js-2.0.5.tgz",
      "integrity": "sha512-rTT2+lqcuUmj4DgWfmzupZqQDA64AdmYqizzMPWj3DxGdfFNsxPpcNVSaTj4l8W2tG/+hg7/mQhxjU3aPacO6g=="
    },
    "node_modules/undici-types": {
      "version": "5.26.5",
      "resolved": "https://registry.npmjs.org/undici-types/-/undici-types-5.26.5.tgz",
      "integrity": "sha512-JlCMO+ehdEIKqlFxk6IfVoAUVmgz7cU7zD/h9XZ0qzeosSHmUJVOzSQvvYSYWXkFXC+IfLKSIffhv0sVZup6pA==",
      "dev": true
    },
    "node_modules/uuid": {
      "version": "10.0.0",
      "resolved": "https://registry.npmjs.org/uuid/-/uuid-10.0.0.tgz",
      "integrity": "sha512-8XkAphELsDnEGrDxUOHB3RGvXz6TeuYSGEZBOjtTtPm2lwhGBjLgOzLHB63IUWfBpNucQjND6d3AOudO+H3RWQ==",
      "funding": [
        "https://github.com/sponsors/broofa",
        "https://github.com/sponsors/ctavan"
      ],
      "bin": {
        "uuid": "dist/bin/uuid"
      }
    }
  },
  "dependencies": {
    "@smucclaw/oldmathlangts": {
      "version": "1.0.6",
      "resolved": "https://registry.npmjs.org/@smucclaw/oldmathlangts/-/oldmathlangts-1.0.6.tgz",
      "integrity": "sha512-DGva0wlCV77OWFgclE445JFtWgmxs5nKb/33q3VHTaVFmF8vrS1dJRzHdoyQKTSdOhyAKR3V4bXM1kjPch2nUQ==",
      "requires": {
        "json-logic-js": "^2.0.5",
        "uuid": "^10.0.0"
      }
    },
    "@types/json-logic-js": {
      "version": "2.0.7",
      "resolved": "https://registry.npmjs.org/@types/json-logic-js/-/json-logic-js-2.0.7.tgz",
      "integrity": "sha512-fucvZmbjqa1+gpw/nIwcP+ZIYHTvmwxuQQFKw/yU7+ZSD63z/xgY5pWN7sYUDRzg2Wf9STapL+7c66FNzhU6+Q==",
      "dev": true
    },
    "@types/node": {
      "version": "20.14.10",
      "resolved": "https://registry.npmjs.org/@types/node/-/node-20.14.10.tgz",
      "integrity": "sha512-MdiXf+nDuMvY0gJKxyfZ7/6UFsETO7mGKF54MVD/ekJS6HdFtpZFBgrh6Pseu64XTb2MLyFPlbW6hj8HYRQNOQ==",
      "dev": true,
      "requires": {
        "undici-types": "~5.26.4"
      }
    },
    "@types/uuid": {
      "version": "10.0.0",
      "resolved": "https://registry.npmjs.org/@types/uuid/-/uuid-10.0.0.tgz",
      "integrity": "sha512-7gqG38EyHgyP1S+7+xomFtL+ZNHcKv6DwNaCZmJmo1vgMugyF3TCnXVg4t1uk89mLNwnLtnY3TpOpCOyp1/xHQ==",
      "dev": true
    },
    "json-logic-js": {
      "version": "2.0.5",
      "resolved": "https://registry.npmjs.org/json-logic-js/-/json-logic-js-2.0.5.tgz",
      "integrity": "sha512-rTT2+lqcuUmj4DgWfmzupZqQDA64AdmYqizzMPWj3DxGdfFNsxPpcNVSaTj4l8W2tG/+hg7/mQhxjU3aPacO6g=="
    },
    "undici-types": {
      "version": "5.26.5",
      "resolved": "https://registry.npmjs.org/undici-types/-/undici-types-5.26.5.tgz",
      "integrity": "sha512-JlCMO+ehdEIKqlFxk6IfVoAUVmgz7cU7zD/h9XZ0qzeosSHmUJVOzSQvvYSYWXkFXC+IfLKSIffhv0sVZup6pA==",
      "dev": true
    },
    "uuid": {
      "version": "10.0.0",
      "resolved": "https://registry.npmjs.org/uuid/-/uuid-10.0.0.tgz",
      "integrity": "sha512-8XkAphELsDnEGrDxUOHB3RGvXz6TeuYSGEZBOjtTtPm2lwhGBjLgOzLHB63IUWfBpNucQjND6d3AOudO+H3RWQ=="
    }
  }
}
